
Microsoft Visual Studio Solution File, Format Version 12.00
# Visual Studio Version 16
VisualStudioVersion = 16.0.30330.147
MinimumVisualStudioVersion = 10.0.40219.1
Project("{FAE04EC0-301F-11D3-BF4B-00C04F79EFBC}") = "Test", "Test\Test.csproj", "{1043C36D-F03B-413F-A41C-128A94D99A1F}"
EndProject
Global
	GlobalSection(SolutionConfigurationPlatforms) = preSolution
		Debug|Any CPU = Debug|Any CPU
		Release|Any CPU = Release|Any CPU
	EndGlobalSection
	GlobalSection(ProjectConfigurationPlatforms) = postSolution
		{1043C36D-F03B-413F-A41C-128A94D99A1F}.Debug|Any CPU.ActiveCfg = Debug|Any CPU
		{1043C36D-F03B-413F-A41C-128A94D99A1F}.Debug|Any CPU.Build.0 = Debug|Any CPU
		{1043C36D-F03B-413F-A41C-128A94D99A1F}.Release|Any CPU.ActiveCfg = Release|Any CPU
		{1043C36D-F03B-413F-A41C-128A94D99A1F}.Release|Any CPU.Build.0 = Release|Any CPU
	EndGlobalSection
	GlobalSection(SolutionProperties) = preSolution
		HideSolutionNode = FALSE
	EndGlobalSection
	GlobalSection(ExtensibilityGlobals) = postSolution
		SolutionGuid = {8C8DD726-C18D-4F41-B212-1D0066FA86A7}
	EndGlobalSection
EndGlobal
